// !$*UTF8*$!
{
	archiveVersion = 1;
	classes = {
	};
	objectVersion = 50;
	objects = {

/* Begin PBXBuildFile section */
		0C63AF8A22362150005A0315 /* AppDelegate.swift in Sources */ = {isa = PBXBuildFile; fileRef = 0C63AF8922362150005A0315 /* AppDelegate.swift */; };
		0C63AF8C22362150005A0315 /* ViewController.swift in Sources */ = {isa = PBXBuildFile; fileRef = 0C63AF8B22362150005A0315 /* ViewController.swift */; };
		0C63AF8F22362150005A0315 /* Main.storyboard in Resources */ = {isa = PBXBuildFile; fileRef = 0C63AF8D22362150005A0315 /* Main.storyboard */; };
		0C63AF9122362152005A0315 /* Assets.xcassets in Resources */ = {isa = PBXBuildFile; fileRef = 0C63AF9022362152005A0315 /* Assets.xcassets */; };
		0C63AF9422362152005A0315 /* LaunchScreen.storyboard in Resources */ = {isa = PBXBuildFile; fileRef = 0C63AF9222362152005A0315 /* LaunchScreen.storyboard */; };
		0C63AF9F22362152005A0315 /* Swift_LearningTests.swift in Sources */ = {isa = PBXBuildFile; fileRef = 0C63AF9E22362152005A0315 /* Swift_LearningTests.swift */; };
		0C63AFAA22362152005A0315 /* Swift_LearningUITests.swift in Sources */ = {isa = PBXBuildFile; fileRef = 0C63AFA922362152005A0315 /* Swift_LearningUITests.swift */; };
		0C63AFB82236245E005A0315 /* BaseViewController.swift in Sources */ = {isa = PBXBuildFile; fileRef = 0C63AFB72236245E005A0315 /* BaseViewController.swift */; };
		0C63AFBC22364188005A0315 /* AddressBook.framework in Frameworks */ = {isa = PBXBuildFile; fileRef = 0C63AFBA22364188005A0315 /* AddressBook.framework */; };
		0C63AFBD22364188005A0315 /* AddressBookUI.framework in Frameworks */ = {isa = PBXBuildFile; fileRef = 0C63AFBB22364188005A0315 /* AddressBookUI.framework */; };
		0C63AFBF22364302005A0315 /* Contacts.framework in Frameworks */ = {isa = PBXBuildFile; fileRef = 0C63AFBE22364302005A0315 /* Contacts.framework */; };
/* End PBXBuildFile section */

/* Begin PBXContainerItemProxy section */
		0C63AF9B22362152005A0315 /* PBXContainerItemProxy */ = {
			isa = PBXContainerItemProxy;
			containerPortal = 0C63AF7E22362150005A0315 /* Project object */;
			proxyType = 1;
			remoteGlobalIDString = 0C63AF8522362150005A0315;
			remoteInfo = "Swift Learning";
		};
		0C63AFA622362152005A0315 /* PBXContainerItemProxy */ = {
			isa = PBXContainerItemProxy;
			containerPortal = 0C63AF7E22362150005A0315 /* Project object */;
			proxyType = 1;
			remoteGlobalIDString = 0C63AF8522362150005A0315;
			remoteInfo = "Swift Learning";
		};
/* End PBXContainerItemProxy section */

/* Begin PBXFileReference section */
		0C63AF8622362150005A0315 /* Swift Learning.app */ = {isa = PBXFileReference; explicitFileType = wrapper.application; includeInIndex = 0; path = "Swift Learning.app"; sourceTree = BUILT_PRODUCTS_DIR; };
		0C63AF8922362150005A0315 /* AppDelegate.swift */ = {isa = PBXFileReference; lastKnownFileType = sourcecode.swift; path = AppDelegate.swift; sourceTree = "<group>"; };
		0C63AF8B22362150005A0315 /* ViewController.swift */ = {isa = PBXFileReference; lastKnownFileType = sourcecode.swift; path = ViewController.swift; sourceTree = "<group>"; };
		0C63AF8E22362150005A0315 /* Base */ = {isa = PBXFileReference; lastKnownFileType = file.storyboard; name = Base; path = Base.lproj/Main.storyboard; sourceTree = "<group>"; };
		0C63AF9022362152005A0315 /* Assets.xcassets */ = {isa = PBXFileReference; lastKnownFileType = folder.assetcatalog; path = Assets.xcassets; sourceTree = "<group>"; };
		0C63AF9322362152005A0315 /* Base */ = {isa = PBXFileReference; lastKnownFileType = file.storyboard; name = Base; path = Base.lproj/LaunchScreen.storyboard; sourceTree = "<group>"; };
		0C63AF9522362152005A0315 /* Info.plist */ = {isa = PBXFileReference; lastKnownFileType = text.plist.xml; path = Info.plist; sourceTree = "<group>"; };
		0C63AF9A22362152005A0315 /* Swift LearningTests.xctest */ = {isa = PBXFileReference; explicitFileType = wrapper.cfbundle; includeInIndex = 0; path = "Swift LearningTests.xctest"; sourceTree = BUILT_PRODUCTS_DIR; };
		0C63AF9E22362152005A0315 /* Swift_LearningTests.swift */ = {isa = PBXFileReference; lastKnownFileType = sourcecode.swift; path = Swift_LearningTests.swift; sourceTree = "<group>"; };
		0C63AFA022362152005A0315 /* Info.plist */ = {isa = PBXFileReference; lastKnownFileType = text.plist.xml; path = Info.plist; sourceTree = "<group>"; };
		0C63AFA522362152005A0315 /* Swift LearningUITests.xctest */ = {isa = PBXFileReference; explicitFileType = wrapper.cfbundle; includeInIndex = 0; path = "Swift LearningUITests.xctest"; sourceTree = BUILT_PRODUCTS_DIR; };
		0C63AFA922362152005A0315 /* Swift_LearningUITests.swift */ = {isa = PBXFileReference; lastKnownFileType = sourcecode.swift; path = Swift_LearningUITests.swift; sourceTree = "<group>"; };
		0C63AFAB22362152005A0315 /* Info.plist */ = {isa = PBXFileReference; lastKnownFileType = text.plist.xml; path = Info.plist; sourceTree = "<group>"; };
		0C63AFB72236245E005A0315 /* BaseViewController.swift */ = {isa = PBXFileReference; lastKnownFileType = sourcecode.swift; path = BaseViewController.swift; sourceTree = "<group>"; };
		0C63AFBA22364188005A0315 /* AddressBook.framework */ = {isa = PBXFileReference; lastKnownFileType = wrapper.framework; name = AddressBook.framework; path = System/Library/Frameworks/AddressBook.framework; sourceTree = SDKROOT; };
		0C63AFBB22364188005A0315 /* AddressBookUI.framework */ = {isa = PBXFileReference; lastKnownFileType = wrapper.framework; name = AddressBookUI.framework; path = System/Library/Frameworks/AddressBookUI.framework; sourceTree = SDKROOT; };
		0C63AFBE22364302005A0315 /* Contacts.framework */ = {isa = PBXFileReference; lastKnownFileType = wrapper.framework; name = Contacts.framework; path = System/Library/Frameworks/Contacts.framework; sourceTree = SDKROOT; };
/* End PBXFileReference section */

/* Begin PBXFrameworksBuildPhase section */
		0C63AF8322362150005A0315 /* Frameworks */ = {
			isa = PBXFrameworksBuildPhase;
			buildActionMask = 2147483647;
			files = (
				0C63AFBF22364302005A0315 /* Contacts.framework in Frameworks */,
				0C63AFBC22364188005A0315 /* AddressBook.framework in Frameworks */,
				0C63AFBD22364188005A0315 /* AddressBookUI.framework in Frameworks */,
			);
			runOnlyForDeploymentPostprocessing = 0;
		};
		0C63AF9722362152005A0315 /* Frameworks */ = {
			isa = PBXFrameworksBuildPhase;
			buildActionMask = 2147483647;
			files = (
			);
			runOnlyForDeploymentPostprocessing = 0;
		};
		0C63AFA222362152005A0315 /* Frameworks */ = {
			isa = PBXFrameworksBuildPhase;
			buildActionMask = 2147483647;
			files = (
			);
			runOnlyForDeploymentPostprocessing = 0;
		};
/* End PBXFrameworksBuildPhase section */

/* Begin PBXGroup section */
		0C63AF7D22362150005A0315 = {
			isa = PBXGroup;
			children = (
				0C63AF8822362150005A0315 /* Swift Learning */,
				0C63AF9D22362152005A0315 /* Swift LearningTests */,
				0C63AFA822362152005A0315 /* Swift LearningUITests */,
				0C63AF8722362150005A0315 /* Products */,
				0C63AFB922364187005A0315 /* Frameworks */,
			);
			sourceTree = "<group>";
		};
		0C63AF8722362150005A0315 /* Products */ = {
			isa = PBXGroup;
			children = (
				0C63AF8622362150005A0315 /* Swift Learning.app */,
				0C63AF9A22362152005A0315 /* Swift LearningTests.xctest */,
				0C63AFA522362152005A0315 /* Swift LearningUITests.xctest */,
			);
			name = Products;
			sourceTree = "<group>";
		};
		0C63AF8822362150005A0315 /* Swift Learning */ = {
			isa = PBXGroup;
			children = (
				0C63AFC022365108005A0315 /* Home Contact */,
				0C63AF8922362150005A0315 /* AppDelegate.swift */,
				0C63AF8D22362150005A0315 /* Main.storyboard */,
				0C63AF9022362152005A0315 /* Assets.xcassets */,
				0C63AF9222362152005A0315 /* LaunchScreen.storyboard */,
				0C63AF9522362152005A0315 /* Info.plist */,
				0C63AFB72236245E005A0315 /* BaseViewController.swift */,
			);
			path = "Swift Learning";
			sourceTree = "<group>";
		};
		0C63AF9D22362152005A0315 /* Swift LearningTests */ = {
			isa = PBXGroup;
			children = (
				0C63AF9E22362152005A0315 /* Swift_LearningTests.swift */,
				0C63AFA022362152005A0315 /* Info.plist */,
			);
			path = "Swift LearningTests";
			sourceTree = "<group>";
		};
		0C63AFA822362152005A0315 /* Swift LearningUITests */ = {
			isa = PBXGroup;
			children = (
				0C63AFA922362152005A0315 /* Swift_LearningUITests.swift */,
				0C63AFAB22362152005A0315 /* Info.plist */,
			);
			path = "Swift LearningUITests";
			sourceTree = "<group>";
		};
		0C63AFB922364187005A0315 /* Frameworks */ = {
			isa = PBXGroup;
			children = (
				0C63AFBE22364302005A0315 /* Contacts.framework */,
				0C63AFBA22364188005A0315 /* AddressBook.framework */,
				0C63AFBB22364188005A0315 /* AddressBookUI.framework */,
			);
			name = Frameworks;
			sourceTree = "<group>";
		};
		0C63AFC022365108005A0315 /* Home Contact */ = {
			isa = PBXGroup;
			children = (
				0C63AF8B22362150005A0315 /* ViewController.swift */,
			);
			path = "Home Contact";
			sourceTree = "<group>";
		};
/* End PBXGroup section */

/* Begin PBXNativeTarget section */
		0C63AF8522362150005A0315 /* Swift Learning */ = {
			isa = PBXNativeTarget;
			buildConfigurationList = 0C63AFAE22362152005A0315 /* Build configuration list for PBXNativeTarget "Swift Learning" */;
			buildPhases = (
				0C63AF8222362150005A0315 /* Sources */,
				0C63AF8322362150005A0315 /* Frameworks */,
				0C63AF8422362150005A0315 /* Resources */,
			);
			buildRules = (
			);
			dependencies = (
			);
			name = "Swift Learning";
			productName = "Swift Learning";
			productReference = 0C63AF8622362150005A0315 /* Swift Learning.app */;
			productType = "com.apple.product-type.application";
		};
		0C63AF9922362152005A0315 /* Swift LearningTests */ = {
			isa = PBXNativeTarget;
			buildConfigurationList = 0C63AFB122362152005A0315 /* Build configuration list for PBXNativeTarget "Swift LearningTests" */;
			buildPhases = (
				0C63AF9622362152005A0315 /* Sources */,
				0C63AF9722362152005A0315 /* Frameworks */,
				0C63AF9822362152005A0315 /* Resources */,
			);
			buildRules = (
			);
			dependencies = (
				0C63AF9C22362152005A0315 /* PBXTargetDependency */,
			);
			name = "Swift LearningTests";
			productName = "Swift LearningTests";
			productReference = 0C63AF9A22362152005A0315 /* Swift LearningTests.xctest */;
			productType = "com.apple.product-type.bundle.unit-test";
		};
		0C63AFA422362152005A0315 /* Swift LearningUITests */ = {
			isa = PBXNativeTarget;
			buildConfigurationList = 0C63AFB422362152005A0315 /* Build configuration list for PBXNativeTarget "Swift LearningUITests" */;
			buildPhases = (
				0C63AFA122362152005A0315 /* Sources */,
				0C63AFA222362152005A0315 /* Frameworks */,
				0C63AFA322362152005A0315 /* Resources */,
			);
			buildRules = (
			);
			dependencies = (
				0C63AFA722362152005A0315 /* PBXTargetDependency */,
			);
			name = "Swift LearningUITests";
			productName = "Swift LearningUITests";
			productReference = 0C63AFA522362152005A0315 /* Swift LearningUITests.xctest */;
			productType = "com.apple.product-type.bundle.ui-testing";
		};
/* End PBXNativeTarget section */

/* Begin PBXProject section */
		0C63AF7E22362150005A0315 /* Project object */ = {
			isa = PBXProject;
			attributes = {
				LastSwiftUpdateCheck = 1010;
				LastUpgradeCheck = 1010;
				ORGANIZATIONNAME = netra;
				TargetAttributes = {
					0C63AF8522362150005A0315 = {
						CreatedOnToolsVersion = 10.1;
					};
					0C63AF9922362152005A0315 = {
						CreatedOnToolsVersion = 10.1;
						TestTargetID = 0C63AF8522362150005A0315;
					};
					0C63AFA422362152005A0315 = {
						CreatedOnToolsVersion = 10.1;
						TestTargetID = 0C63AF8522362150005A0315;
					};
				};
			};
			buildConfigurationList = 0C63AF8122362150005A0315 /* Build configuration list for PBXProject "Swift Learning" */;
			compatibilityVersion = "Xcode 9.3";
			developmentRegion = en;
			hasScannedForEncodings = 0;
			knownRegions = (
				en,
				Base,
			);
			mainGroup = 0C63AF7D22362150005A0315;
			productRefGroup = 0C63AF8722362150005A0315 /* Products */;
			projectDirPath = "";
			projectRoot = "";
			targets = (
				0C63AF8522362150005A0315 /* Swift Learning */,
				0C63AF9922362152005A0315 /* Swift LearningTests */,
				0C63AFA422362152005A0315 /* Swift LearningUITests */,
			);
		};
/* End PBXProject section */

/* Begin PBXResourcesBuildPhase section */
		0C63AF8422362150005A0315 /* Resources */ = {
			isa = PBXResourcesBuildPhase;
			buildActionMask = 2147483647;
			files = (
				0C63AF9422362152005A0315 /* LaunchScreen.storyboard in Resources */,
				0C63AF9122362152005A0315 /* Assets.xcassets in Resources */,
				0C63AF8F22362150005A0315 /* Main.storyboard in Resources */,
			);
			runOnlyForDeploymentPostprocessing = 0;
		};
		0C63AF9822362152005A0315 /* Resources */ = {
			isa = PBXResourcesBuildPhase;
			buildActionMask = 2147483647;
			files = (
			);
			runOnlyForDeploymentPostprocessing = 0;
		};
		0C63AFA322362152005A0315 /* Resources */ = {
			isa = PBXResourcesBuildPhase;
			buildActionMask = 2147483647;
			files = (
			);
			runOnlyForDeploymentPostprocessing = 0;
		};
/* End PBXResourcesBuildPhase section */

/* Begin PBXSourcesBuildPhase section */
		0C63AF8222362150005A0315 /* Sources */ = {
			isa = PBXSourcesBuildPhase;
			buildActionMask = 2147483647;
			files = (
				0C63AF8C22362150005A0315 /* ViewController.swift in Sources */,
				0C63AF8A22362150005A0315 /* AppDelegate.swift in Sources */,
				0C63AFB82236245E005A0315 /* BaseViewController.swift in Sources */,
			);
			runOnlyForDeploymentPostprocessing = 0;
		};
		0C63AF9622362152005A0315 /* Sources */ = {
			isa = PBXSourcesBuildPhase;
			buildActionMask = 2147483647;
			files = (
				0C63AF9F22362152005A0315 /* Swift_LearningTests.swift in Sources */,
			);
			runOnlyForDeploymentPostprocessing = 0;
		};
		0C63AFA122362152005A0315 /* Sources */ = {
			isa = PBXSourcesBuildPhase;
			buildActionMask = 2147483647;
			files = (
				0C63AFAA22362152005A0315 /* Swift_LearningUITests.swift in Sources */,
			);
			runOnlyForDeploymentPostprocessing = 0;
		};
/* End PBXSourcesBuildPhase section */

/* Begin PBXTargetDependency section */
		0C63AF9C22362152005A0315 /* PBXTargetDependency */ = {
			isa = PBXTargetDependency;
			target = 0C63AF8522362150005A0315 /* Swift Learning */;
			targetProxy = 0C63AF9B22362152005A0315 /* PBXContainerItemProxy */;
		};
		0C63AFA722362152005A0315 /* PBXTargetDependency */ = {
			isa = PBXTargetDependency;
			target = 0C63AF8522362150005A0315 /* Swift Learning */;
			targetProxy = 0C63AFA622362152005A0315 /* PBXContainerItemProxy */;
		};
/* End PBXTargetDependency section */

/* Begin PBXVariantGroup section */
		0C63AF8D22362150005A0315 /* Main.storyboard */ = {
			isa = PBXVariantGroup;
			children = (
				0C63AF8E22362150005A0315 /* Base */,
			);
			name = Main.storyboard;
			sourceTree = "<group>";
		};
		0C63AF9222362152005A0315 /* LaunchScreen.storyboard */ = {
			isa = PBXVariantGroup;
			children = (
				0C63AF9322362152005A0315 /* Base */,
			);
			name = LaunchScreen.storyboard;
			sourceTree = "<group>";
		};
/* End PBXVariantGroup section */

/* Begin XCBuildConfiguration section */
		0C63AFAC22362152005A0315 /* Debug */ = {
			isa = XCBuildConfiguration;
			buildSettings = {
				ALWAYS_SEARCH_USER_PATHS = NO;
				CLANG_ANALYZER_NONNULL = YES;
				CLANG_ANALYZER_NUMBER_OBJECT_CONVERSION = YES_AGGRESSIVE;
				CLANG_CXX_LANGUAGE_STANDARD = "gnu++14";
				CLANG_CXX_LIBRARY = "libc++";
				CLANG_ENABLE_MODULES = YES;
				CLANG_ENABLE_OBJC_ARC = YES;
				CLANG_ENABLE_OBJC_WEAK = YES;
				CLANG_WARN_BLOCK_CAPTURE_AUTORELEASING = YES;
				CLANG_WARN_BOOL_CONVERSION = YES;
				CLANG_WARN_COMMA = YES;
				CLANG_WARN_CONSTANT_CONVERSION = YES;
				CLANG_WARN_DEPRECATED_OBJC_IMPLEMENTATIONS = YES;
				CLANG_WARN_DIRECT_OBJC_ISA_USAGE = YES_ERROR;
				CLANG_WARN_DOCUMENTATION_COMMENTS = YES;
				CLANG_WARN_EMPTY_BODY = YES;
				CLANG_WARN_ENUM_CONVERSION = YES;
				CLANG_WARN_INFINITE_RECURSION = YES;
				CLANG_WARN_INT_CONVERSION = YES;
				CLANG_WARN_NON_LITERAL_NULL_CONVERSION = YES;
				CLANG_WARN_OBJC_IMPLICIT_RETAIN_SELF = YES;
				CLANG_WARN_OBJC_LITERAL_CONVERSION = YES;
				CLANG_WARN_OBJC_ROOT_CLASS = YES_ERROR;
				CLANG_WARN_RANGE_LOOP_ANALYSIS = YES;
				CLANG_WARN_STRICT_PROTOTYPES = YES;
				CLANG_WARN_SUSPICIOUS_MOVE = YES;
				CLANG_WARN_UNGUARDED_AVAILABILITY = YES_AGGRESSIVE;
				CLANG_WARN_UNREACHABLE_CODE = YES;
				CLANG_WARN__DUPLICATE_METHOD_MATCH = YES;
				CODE_SIGN_IDENTITY = "iPhone Developer";
				COPY_PHASE_STRIP = NO;
				DEBUG_INFORMATION_FORMAT = dwarf;
				ENABLE_STRICT_OBJC_MSGSEND = YES;
				ENABLE_TESTABILITY = YES;
				GCC_C_LANGUAGE_STANDARD = gnu11;
				GCC_DYNAMIC_NO_PIC = NO;
				GCC_NO_COMMON_BLOCKS = YES;
				GCC_OPTIMIZATION_LEVEL = 0;
				GCC_PREPROCESSOR_DEFINITIONS = (
					"DEBUG=1",
					"$(inherited)",
				);
				GCC_WARN_64_TO_32_BIT_CONVERSION = YES;
				GCC_WARN_ABOUT_RETURN_TYPE = YES_ERROR;
				GCC_WARN_UNDECLARED_SELECTOR = YES;
				GCC_WARN_UNINITIALIZED_AUTOS = YES_AGGRESSIVE;
				GCC_WARN_UNUSED_FUNCTION = YES;
				GCC_WARN_UNUSED_VARIABLE = YES;
				IPHONEOS_DEPLOYMENT_TARGET = 12.1;
				MTL_ENABLE_DEBUG_INFO = INCLUDE_SOURCE;
				MTL_FAST_MATH = YES;
				ONLY_ACTIVE_ARCH = YES;
				SDKROOT = iphoneos;
				SWIFT_ACTIVE_COMPILATION_CONDITIONS = DEBUG;
				SWIFT_OPTIMIZATION_LEVEL = "-Onone";
			};
			name = Debug;
		};
		0C63AFAD22362152005A0315 /* Release */ = {
			isa = XCBuildConfiguration;
			buildSettings = {
				ALWAYS_SEARCH_USER_PATHS = NO;
				CLANG_ANALYZER_NONNULL = YES;
				CLANG_ANALYZER_NUMBER_OBJECT_CONVERSION = YES_AGGRESSIVE;
				CLANG_CXX_LANGUAGE_STANDARD = "gnu++14";
				CLANG_CXX_LIBRARY = "libc++";
				CLANG_ENABLE_MODULES = YES;
				CLANG_ENABLE_OBJC_ARC = YES;
				CLANG_ENABLE_OBJC_WEAK = YES;
				CLANG_WARN_BLOCK_CAPTURE_AUTORELEASING = YES;
				CLANG_WARN_BOOL_CONVERSION = YES;
				CLANG_WARN_COMMA = YES;
				CLANG_WARN_CONSTANT_CONVERSION = YES;
				CLANG_WARN_DEPRECATED_OBJC_IMPLEMENTATIONS = YES;
				CLANG_WARN_DIRECT_OBJC_ISA_USAGE = YES_ERROR;
				CLANG_WARN_DOCUMENTATION_COMMENTS = YES;
				CLANG_WARN_EMPTY_BODY = YES;
				CLANG_WARN_ENUM_CONVERSION = YES;
				CLANG_WARN_INFINITE_RECURSION = YES;
				CLANG_WARN_INT_CONVERSION = YES;
				CLANG_WARN_NON_LITERAL_NULL_CONVERSION = YES;
				CLANG_WARN_OBJC_IMPLICIT_RETAIN_SELF = YES;
				CLANG_WARN_OBJC_LITERAL_CONVERSION = YES;
				CLANG_WARN_OBJC_ROOT_CLASS = YES_ERROR;
				CLANG_WARN_RANGE_LOOP_ANALYSIS = YES;
				CLANG_WARN_STRICT_PROTOTYPES = YES;
				CLANG_WARN_SUSPICIOUS_MOVE = YES;
				CLANG_WARN_UNGUARDED_AVAILABILITY = YES_AGGRESSIVE;
				CLANG_WARN_UNREACHABLE_CODE = YES;
				CLANG_WARN__DUPLICATE_METHOD_MATCH = YES;
				CODE_SIGN_IDENTITY = "iPhone Developer";
				COPY_PHASE_STRIP = NO;
				DEBUG_INFORMATION_FORMAT = "dwarf-with-dsym";
				ENABLE_NS_ASSERTIONS = NO;
				ENABLE_STRICT_OBJC_MSGSEND = YES;
				GCC_C_LANGUAGE_STANDARD = gnu11;
				GCC_NO_COMMON_BLOCKS = YES;
				GCC_WARN_64_TO_32_BIT_CONVERSION = YES;
				GCC_WARN_ABOUT_RETURN_TYPE = YES_ERROR;
				GCC_WARN_UNDECLARED_SELECTOR = YES;
				GCC_WARN_UNINITIALIZED_AUTOS = YES_AGGRESSIVE;
				GCC_WARN_UNUSED_FUNCTION = YES;
				GCC_WARN_UNUSED_VARIABLE = YES;
				IPHONEOS_DEPLOYMENT_TARGET = 12.1;
				MTL_ENABLE_DEBUG_INFO = NO;
				MTL_FAST_MATH = YES;
				SDKROOT = iphoneos;
				SWIFT_COMPILATION_MODE = wholemodule;
				SWIFT_OPTIMIZATION_LEVEL = "-O";
				VALIDATE_PRODUCT = YES;
			};
			name = Release;
		};
		0C63AFAF22362152005A0315 /* Debug */ = {
			isa = XCBuildConfiguration;
			buildSettings = {
				ASSETCATALOG_COMPILER_APPICON_NAME = AppIcon;
				CODE_SIGN_STYLE = Automatic;
				DEVELOPMENT_TEAM = W68EVN637H;
				INFOPLIST_FILE = "Swift Learning/Info.plist";
				LD_RUNPATH_SEARCH_PATHS = (
					"$(inherited)",
					"@executable_path/Frameworks",
				);
				PRODUCT_BUNDLE_IDENTIFIER = "com.bungkring.Swift-Learning";
				PRODUCT_NAME = "$(TARGET_NAME)";
				SWIFT_VERSION = 4.2;
				TARGETED_DEVICE_FAMILY = "1,2";
			};
			name = Debug;
		};
		0C63AFB022362152005A0315 /* Release */ = {
			isa = XCBuildConfiguration;
			buildSettings = {
				ASSETCATALOG_COMPILER_APPICON_NAME = AppIcon;
				CODE_SIGN_STYLE = Automatic;
				DEVELOPMENT_TEAM = W68EVN637H;
				INFOPLIST_FILE = "Swift Learning/Info.plist";
				LD_RUNPATH_SEARCH_PATHS = (
					"$(inherited)",
					"@executable_path/Frameworks",
				);
				PRODUCT_BUNDLE_IDENTIFIER = "com.bungkring.Swift-Learning";
				PRODUCT_NAME = "$(TARGET_NAME)";
				SWIFT_VERSION = 4.2;
				TARGETED_DEVICE_FAMILY = "1,2";
			};
			name = Release;
		};
		0C63AFB222362152005A0315 /* Debug */ = {
			isa = XCBuildConfiguration;
			buildSettings = {
				ALWAYS_EMBED_SWIFT_STANDARD_LIBRARIES = YES;
				BUNDLE_LOADER = "$(TEST_HOST)";
				CODE_SIGN_STYLE = Automatic;
				DEVELOPMENT_TEAM = W68EVN637H;
				INFOPLIST_FILE = "Swift LearningTests/Info.plist";
				LD_RUNPATH_SEARCH_PATHS = (
					"$(inherited)",
					"@executable_path/Frameworks",
					"@loader_path/Frameworks",
				);
				PRODUCT_BUNDLE_IDENTIFIER = "com.bungkring.Swift-LearningTests";
				PRODUCT_NAME = "$(TARGET_NAME)";
				SWIFT_VERSION = 4.2;
				TARGETED_DEVICE_FAMILY = "1,2";
				TEST_HOST = "$(BUILT_PRODUCTS_DIR)/Swift Learning.app/Swift Learning";
			};
			name = Debug;
		};
		0C63AFB322362152005A0315 /* Release */ = {
			isa = XCBuildConfiguration;
			buildSettings = {
				ALWAYS_EMBED_SWIFT_STANDARD_LIBRARIES = YES;
				BUNDLE_LOADER = "$(TEST_HOST)";
				CODE_SIGN_STYLE = Automatic;
				DEVELOPMENT_TEAM = W68EVN637H;
				INFOPLIST_FILE = "Swift LearningTests/Info.plist";
				LD_RUNPATH_SEARCH_PATHS = (
					"$(inherited)",
					"@executable_path/Frameworks",
					"@loader_path/Frameworks",
				);
				PRODUCT_BUNDLE_IDENTIFIER = "com.bungkring.Swift-LearningTests";
				PRODUCT_NAME = "$(TARGET_NAME)";
				SWIFT_VERSION = 4.2;
				TARGETED_DEVICE_FAMILY = "1,2";
				TEST_HOST = "$(BUILT_PRODUCTS_DIR)/Swift Learning.app/Swift Learning";
			};
			name = Release;
		};
		0C63AFB522362152005A0315 /* Debug */ = {
			isa = XCBuildConfiguration;
			buildSettings = {
				ALWAYS_EMBED_SWIFT_STANDARD_LIBRARIES = YES;
				CODE_SIGN_STYLE = Automatic;
				DEVELOPMENT_TEAM = W68EVN637H;
				INFOPLIST_FILE = "Swift LearningUITests/Info.plist";
				LD_RUNPATH_SEARCH_PATHS = (
					"$(inherited)",
					"@executable_path/Frameworks",
					"@loader_path/Frameworks",
				);
				PRODUCT_BUNDLE_IDENTIFIER = "com.bungkring.Swift-LearningUITests";
				PRODUCT_NAME = "$(TARGET_NAME)";
				SWIFT_VERSION = 4.2;
				TARGETED_DEVICE_FAMILY = "1,2";
				TEST_TARGET_NAME = "Swift Learning";
			};
			name = Debug;
		};
		0C63AFB622362152005A0315 /* Release */ = {
			isa = XCBuildConfiguration;
			buildSettings = {
				ALWAYS_EMBED_SWIFT_STANDARD_LIBRARIES = YES;
				CODE_SIGN_STYLE = Automatic;
				DEVELOPMENT_TEAM = W68EVN637H;
				INFOPLIST_FILE = "Swift LearningUITests/Info.plist";
				LD_RUNPATH_SEARCH_PATHS = (
					"$(inherited)",
					"@executable_path/Frameworks",
					"@loader_path/Frameworks",
				);
				PRODUCT_BUNDLE_IDENTIFIER = "com.bungkring.Swift-LearningUITests";
				PRODUCT_NAME = "$(TARGET_NAME)";
				SWIFT_VERSION = 4.2;
				TARGETED_DEVICE_FAMILY = "1,2";
				TEST_TARGET_NAME = "Swift Learning";
			};
			name = Release;
		};
/* End XCBuildConfiguration section */

/* Begin XCConfigurationList section */
		0C63AF8122362150005A0315 /* Build configuration list for PBXProject "Swift Learning" */ = {
			isa = XCConfigurationList;
			buildConfigurations = (
				0C63AFAC22362152005A0315 /* Debug */,
				0C63AFAD22362152005A0315 /* Release */,
			);
			defaultConfigurationIsVisible = 0;
			defaultConfigurationName = Release;
		};
		0C63AFAE22362152005A0315 /* Build configuration list for PBXNativeTarget "Swift Learning" */ = {
			isa = XCConfigurationList;
			buildConfigurations = (
				0C63AFAF22362152005A0315 /* Debug */,
				0C63AFB022362152005A0315 /* Release */,
			);
			defaultConfigurationIsVisible = 0;
			defaultConfigurationName = Release;
		};
		0C63AFB122362152005A0315 /* Build configuration list for PBXNativeTarget "Swift LearningTests" */ = {
			isa = XCConfigurationList;
			buildConfigurations = (
				0C63AFB222362152005A0315 /* Debug */,
				0C63AFB322362152005A0315 /* Release */,
			);
			defaultConfigurationIsVisible = 0;
			defaultConfigurationName = Release;
		};
		0C63AFB422362152005A0315 /* Build configuration list for PBXNativeTarget "Swift LearningUITests" */ = {
			isa = XCConfigurationList;
			buildConfigurations = (
				0C63AFB522362152005A0315 /* Debug */,
				0C63AFB622362152005A0315 /* Release */,
			);
			defaultConfigurationIsVisible = 0;
			defaultConfigurationName = Release;
		};
/* End XCConfigurationList section */
	};
	rootObject = 0C63AF7E22362150005A0315 /* Project object */;
}
